
Microsoft Visual Studio Solution File, Format Version 12.00
# Visual Studio Version 16
VisualStudioVersion = 16.0.31613.86
MinimumVisualStudioVersion = 10.0.40219.1
Project("{9A19103F-16F7-4668-BE54-9A1E7A4F7556}") = "ConverterToMorseLambda", "ConverterToMorseLambda\ConverterToMorseLambda.csproj", "{DD2975AF-41AF-46DD-A977-D6B61890239F}"
EndProject
Project("{9A19103F-16F7-4668-BE54-9A1E7A4F7556}") = "ConverterToMorseLambda.Tests", "ConverterToMorseLambda.Tests\ConverterToMorseLambda.Tests.csproj", "{4BF23643-7CD0-4604-9660-7A4D1A1894CB}"
EndProject
Global
	GlobalSection(SolutionConfigurationPlatforms) = preSolution
		Debug|Any CPU = Debug|Any CPU
		Release|Any CPU = Release|Any CPU
	EndGlobalSection
	GlobalSection(ProjectConfigurationPlatforms) = postSolution
		{DD2975AF-41AF-46DD-A977-D6B61890239F}.Debug|Any CPU.ActiveCfg = Debug|Any CPU
		{DD2975AF-41AF-46DD-A977-D6B61890239F}.Debug|Any CPU.Build.0 = Debug|Any CPU
		{DD2975AF-41AF-46DD-A977-D6B61890239F}.Release|Any CPU.ActiveCfg = Release|Any CPU
		{DD2975AF-41AF-46DD-A977-D6B61890239F}.Release|Any CPU.Build.0 = Release|Any CPU
		{4BF23643-7CD0-4604-9660-7A4D1A1894CB}.Debug|Any CPU.ActiveCfg = Debug|Any CPU
		{4BF23643-7CD0-4604-9660-7A4D1A1894CB}.Debug|Any CPU.Build.0 = Debug|Any CPU
		{4BF23643-7CD0-4604-9660-7A4D1A1894CB}.Release|Any CPU.ActiveCfg = Release|Any CPU
		{4BF23643-7CD0-4604-9660-7A4D1A1894CB}.Release|Any CPU.Build.0 = Release|Any CPU
	EndGlobalSection
	GlobalSection(SolutionProperties) = preSolution
		HideSolutionNode = FALSE
	EndGlobalSection
	GlobalSection(ExtensibilityGlobals) = postSolution
		SolutionGuid = {1A93D867-4E00-4F45-8858-8433559EA40D}
	EndGlobalSection
EndGlobal
